
Microsoft Visual Studio Solution File, Format Version 12.00
# Visual Studio Version 16
VisualStudioVersion = 16.0.29505.145
MinimumVisualStudioVersion = 10.0.40219.1
Project("{FAE04EC0-301F-11D3-BF4B-00C04F79EFBC}") = "DateTimePickrt", "DateTimePickrt.csproj", "{3101B207-4E38-4C5B-BB4C-C0CB76E13219}"
EndProject
Global
	GlobalSection(SolutionConfigurationPlatforms) = preSolution
		Debug|Any CPU = Debug|Any CPU
		Release|Any CPU = Release|Any CPU
	EndGlobalSection
	GlobalSection(ProjectConfigurationPlatforms) = postSolution
		{3101B207-4E38-4C5B-BB4C-C0CB76E13219}.Debug|Any CPU.ActiveCfg = Debug|Any CPU
		{3101B207-4E38-4C5B-BB4C-C0CB76E13219}.Debug|Any CPU.Build.0 = Debug|Any CPU
		{3101B207-4E38-4C5B-BB4C-C0CB76E13219}.Release|Any CPU.ActiveCfg = Release|Any CPU
		{3101B207-4E38-4C5B-BB4C-C0CB76E13219}.Release|Any CPU.Build.0 = Release|Any CPU
	EndGlobalSection
	GlobalSection(SolutionProperties) = preSolution
		HideSolutionNode = FALSE
	EndGlobalSection
	GlobalSection(ExtensibilityGlobals) = postSolution
		SolutionGuid = {E9D68BF0-2365-42DF-891D-55EDEC2EC777}
	EndGlobalSection
EndGlobal
